
Microsoft Visual Studio Solution File, Format Version 12.00
# Visual Studio Version 17
VisualStudioVersion = 17.6.33723.286
MinimumVisualStudioVersion = 10.0.40219.1
Project("{9A19103F-16F7-4668-BE54-9A1E7A4F7556}") = "IdentityService", "IdentityService.csproj", "{8C95AD30-2928-47A0-9016-945FF631F574}"
EndProject
Project("{9A19103F-16F7-4668-BE54-9A1E7A4F7556}") = "PostManagementService", "..\PostManagementService\PostManagementService.csproj", "{614C2977-9C2E-47BF-AAD3-6471953EB6E7}"
EndProject
Project("{9A19103F-16F7-4668-BE54-9A1E7A4F7556}") = "ModelLibrary", "..\ModelLibrary\ModelLibrary.csproj", "{4DFC7F06-F4FB-4AA1-93CC-1B031F486F34}"
EndProject
Project("{FAE04EC0-301F-11D3-BF4B-00C04F79EFBC}") = "MessageManagementService", "..\MessageManagementService\MessageManagementService.csproj", "{118EE5DE-8A9B-4A07-B19A-521467F188F8}"
EndProject
Global
	GlobalSection(SolutionConfigurationPlatforms) = preSolution
		Debug|Any CPU = Debug|Any CPU
		Release|Any CPU = Release|Any CPU
	EndGlobalSection
	GlobalSection(ProjectConfigurationPlatforms) = postSolution
		{8C95AD30-2928-47A0-9016-945FF631F574}.Debug|Any CPU.ActiveCfg = Debug|Any CPU
		{8C95AD30-2928-47A0-9016-945FF631F574}.Debug|Any CPU.Build.0 = Debug|Any CPU
		{8C95AD30-2928-47A0-9016-945FF631F574}.Release|Any CPU.ActiveCfg = Release|Any CPU
		{8C95AD30-2928-47A0-9016-945FF631F574}.Release|Any CPU.Build.0 = Release|Any CPU
		{614C2977-9C2E-47BF-AAD3-6471953EB6E7}.Debug|Any CPU.ActiveCfg = Debug|Any CPU
		{614C2977-9C2E-47BF-AAD3-6471953EB6E7}.Debug|Any CPU.Build.0 = Debug|Any CPU
		{614C2977-9C2E-47BF-AAD3-6471953EB6E7}.Release|Any CPU.ActiveCfg = Release|Any CPU
		{614C2977-9C2E-47BF-AAD3-6471953EB6E7}.Release|Any CPU.Build.0 = Release|Any CPU
		{4DFC7F06-F4FB-4AA1-93CC-1B031F486F34}.Debug|Any CPU.ActiveCfg = Debug|Any CPU
		{4DFC7F06-F4FB-4AA1-93CC-1B031F486F34}.Debug|Any CPU.Build.0 = Debug|Any CPU
		{4DFC7F06-F4FB-4AA1-93CC-1B031F486F34}.Release|Any CPU.ActiveCfg = Release|Any CPU
		{4DFC7F06-F4FB-4AA1-93CC-1B031F486F34}.Release|Any CPU.Build.0 = Release|Any CPU
		{118EE5DE-8A9B-4A07-B19A-521467F188F8}.Debug|Any CPU.ActiveCfg = Debug|Any CPU
		{118EE5DE-8A9B-4A07-B19A-521467F188F8}.Debug|Any CPU.Build.0 = Debug|Any CPU
		{118EE5DE-8A9B-4A07-B19A-521467F188F8}.Release|Any CPU.ActiveCfg = Release|Any CPU
		{118EE5DE-8A9B-4A07-B19A-521467F188F8}.Release|Any CPU.Build.0 = Release|Any CPU
	EndGlobalSection
	GlobalSection(SolutionProperties) = preSolution
		HideSolutionNode = FALSE
	EndGlobalSection
	GlobalSection(ExtensibilityGlobals) = postSolution
		SolutionGuid = {4572C3A4-F9D9-45EC-BC74-92C1DACEEB5C}
	EndGlobalSection
EndGlobal
